
Microsoft Visual Studio Solution File, Format Version 12.00
# Visual Studio Version 17
VisualStudioVersion = 17.5.002.0
MinimumVisualStudioVersion = 10.0.40219.1
Project("{9A19103F-16F7-4668-BE54-9A1E7A4F7556}") = "YSharp 2.0", "YSharp 2.0.csproj", "{410D364E-7723-4102-9D69-20AD993EADEA}"
EndProject
Global
	GlobalSection(SolutionConfigurationPlatforms) = preSolution
		Debug|Any CPU = Debug|Any CPU
		Release|Any CPU = Release|Any CPU
	EndGlobalSection
	GlobalSection(ProjectConfigurationPlatforms) = postSolution
		{410D364E-7723-4102-9D69-20AD993EADEA}.Debug|Any CPU.ActiveCfg = Debug|Any CPU
		{410D364E-7723-4102-9D69-20AD993EADEA}.Debug|Any CPU.Build.0 = Debug|Any CPU
		{410D364E-7723-4102-9D69-20AD993EADEA}.Release|Any CPU.ActiveCfg = Release|Any CPU
		{410D364E-7723-4102-9D69-20AD993EADEA}.Release|Any CPU.Build.0 = Release|Any CPU
	EndGlobalSection
	GlobalSection(SolutionProperties) = preSolution
		HideSolutionNode = FALSE
	EndGlobalSection
	GlobalSection(ExtensibilityGlobals) = postSolution
		SolutionGuid = {92BC305E-E7C4-479A-AF33-B59269A74BD6}
	EndGlobalSection
EndGlobal
